
Microsoft Visual Studio Solution File, Format Version 12.00
# Visual Studio Version 16
VisualStudioVersion = 16.0.29709.97
MinimumVisualStudioVersion = 10.0.40219.1
Project("{FAE04EC0-301F-11D3-BF4B-00C04F79EFBC}") = "WpfApp2", "WpfApp2.csproj", "{C39E7D04-06F9-410B-9E5B-09DCFB0F45C0}"
EndProject
Global
	GlobalSection(SolutionConfigurationPlatforms) = preSolution
		Debug|Any CPU = Debug|Any CPU
		Release|Any CPU = Release|Any CPU
	EndGlobalSection
	GlobalSection(ProjectConfigurationPlatforms) = postSolution
		{C39E7D04-06F9-410B-9E5B-09DCFB0F45C0}.Debug|Any CPU.ActiveCfg = Debug|Any CPU
		{C39E7D04-06F9-410B-9E5B-09DCFB0F45C0}.Debug|Any CPU.Build.0 = Debug|Any CPU
		{C39E7D04-06F9-410B-9E5B-09DCFB0F45C0}.Release|Any CPU.ActiveCfg = Release|Any CPU
		{C39E7D04-06F9-410B-9E5B-09DCFB0F45C0}.Release|Any CPU.Build.0 = Release|Any CPU
	EndGlobalSection
	GlobalSection(SolutionProperties) = preSolution
		HideSolutionNode = FALSE
	EndGlobalSection
	GlobalSection(ExtensibilityGlobals) = postSolution
		SolutionGuid = {5E20C3F3-930F-466D-BE16-A02DC91766B8}
	EndGlobalSection
EndGlobal
